{
  "version": 4,
  "terraform_version": "1.9.4",
  "serial": 16,
  "lineage": "a7f6e322-8738-de9f-a610-f7cb1a63d530",
  "outputs": {},
  "resources": [
    {
      "mode": "managed",
      "type": "rediscloud_subscription",
      "name": "non-prod-subscription",
      "provider": "provider[\"registry.terraform.io/redislabs/rediscloud\"]",
      "instances": [
        {
          "schema_version": 0,
          "attributes": {
            "allowlist": [],
            "cloud_provider": [
              {
                "cloud_account_id": "1",
                "provider": "GCP",
                "region": [
                  {
                    "multiple_availability_zones": false,
                    "networking_deployment_cidr": "192.168.0.0/24",
                    "networking_vpc_id": "",
                    "networks": [
                      {
                        "networking_deployment_cidr": "192.168.0.0/24",
                        "networking_subnet_id": "",
                        "networking_vpc_id": "c33438-asia-south1-1-rlrcp"
                      }
                    ],
                    "preferred_availability_zones": [
                      "asia-south1-a"
                    ],
                    "region": "asia-south1"
                  }
                ]
              }
            ],
            "creation_plan": [],
            "id": "2416992",
            "maintenance_windows": [
              {
                "mode": "automatic",
                "window": []
              }
            ],
            "memory_storage": "ram",
            "name": "non-prod-subscription",
            "payment_method": "marketplace",
            "payment_method_id": null,
            "pricing": [
              {
                "database_name": "",
                "price_currency": "USD",
                "price_per_unit": 1.092,
                "price_period": "hour",
                "quantity": 1,
                "quantity_measurement": "subscription",
                "region": "",
                "type": "MinimumPrice",
                "type_details": ""
              },
              {
                "database_name": "",
                "price_currency": "USD",
                "price_per_unit": 0.386,
                "price_period": "hour",
                "quantity": 5,
                "quantity_measurement": "shards",
                "region": "",
                "type": "Shards",
                "type_details": "small"
              },
              {
                "database_name": "",
                "price_currency": "USD",
                "price_per_unit": 0.031,
                "price_period": "hour",
                "quantity": 9,
                "quantity_measurement": "shards",
                "region": "",
                "type": "Shards",
                "type_details": "nano"
              },
              {
                "database_name": "",
                "price_currency": "USD",
                "price_per_unit": 0.053,
                "price_period": "hour",
                "quantity": 1,
                "quantity_measurement": "shards",
                "region": "",
                "type": "Shards",
                "type_details": "micro"
              }
            ],
            "redis_version": null,
            "timeouts": null
          },
          "sensitive_attributes": [],
          "private": "eyJlMmJmYjczMC1lY2FhLTExZTYtOGY4OC0zNDM2M2JjN2M0YzAiOnsiY3JlYXRlIjoxODAwMDAwMDAwMDAwLCJkZWxldGUiOjYwMDAwMDAwMDAwMCwicmVhZCI6NjAwMDAwMDAwMDAwLCJ1cGRhdGUiOjE4MDAwMDAwMDAwMDB9LCJzY2hlbWFfdmVyc2lvbiI6IjAifQ=="
        }
      ]
    },
    {
      "mode": "managed",
      "type": "rediscloud_subscription_database",
      "name": "dev-cdp",
      "provider": "provider[\"registry.terraform.io/redislabs/rediscloud\"]",
      "instances": [
        {
          "schema_version": 0,
          "attributes": {
            "alert": [
              {
                "name": "dataset-size",
                "value": 80
              }
            ],
            "average_item_size_in_bytes": 0,
            "client_ssl_certificate": null,
            "client_tls_certificates": [],
            "data_eviction": "volatile-lru",
            "data_persistence": "none",
            "db_id": 12529510,
            "enable_default_user": true,
            "enable_tls": false,
            "external_endpoint_for_oss_cluster_api": false,
            "hashing_policy": [],
            "id": "2416992/12529510",
            "latest_backup_status": [
              {
                "error": [
                  {
                    "description": "Database backup is disabled",
                    "status": "400 BAD_REQUEST",
                    "type": "DATABASE_BACKUP_DISABLED"
                  }
                ],
                "response": []
              }
            ],
            "latest_import_status": [
              {
                "error": [],
                "response": [
                  {
                    "failure_reason": "",
                    "failure_reason_params": [],
                    "last_import_time": "",
                    "status": ""
                  }
                ]
              }
            ],
            "memory_limit_in_gb": 0.5,
            "modules": [],
            "name": "dev-cdp",
            "password": "tsfo5Ugh6QjowR4ESTqnFMyyjKtDgeGs",
            "periodic_backup_path": null,
            "port": null,
            "private_endpoint": "redis-15711.internal.c33438.asia-south1-1.gcp.cloud.rlrcp.com:15711",
            "protocol": "redis",
            "public_endpoint": "redis-15711.c33438.asia-south1-1.gcp.cloud.rlrcp.com:15711",
            "remote_backup": [],
            "replica_of": null,
            "replication": false,
            "resp_version": "resp3",
            "source_ips": [],
            "subscription_id": 2416992,
            "support_oss_cluster_api": false,
            "throughput_measurement_by": "operations-per-second",
            "throughput_measurement_value": 500,
            "timeouts": null
          },
          "sensitive_attributes": [
            [
              {
                "type": "get_attr",
                "value": "password"
              }
            ]
          ],
          "private": "eyJlMmJmYjczMC1lY2FhLTExZTYtOGY4OC0zNDM2M2JjN2M0YzAiOnsiY3JlYXRlIjoxODAwMDAwMDAwMDAwLCJkZWxldGUiOjYwMDAwMDAwMDAwMCwicmVhZCI6NjAwMDAwMDAwMDAwLCJ1cGRhdGUiOjE4MDAwMDAwMDAwMDB9LCJzY2hlbWFfdmVyc2lvbiI6IjAifQ=="
        }
      ]
    },
    {
      "mode": "managed",
      "type": "rediscloud_subscription_database",
      "name": "stg-cnbctv18-api",
      "provider": "provider[\"registry.terraform.io/redislabs/rediscloud\"]",
      "instances": [
        {
          "schema_version": 0,
          "attributes": {
            "alert": [
              {
                "name": "dataset-size",
                "value": 80
              }
            ],
            "average_item_size_in_bytes": 0,
            "client_ssl_certificate": null,
            "client_tls_certificates": [],
            "data_eviction": "noeviction",
            "data_persistence": "none",
            "db_id": 12520635,
            "enable_default_user": true,
            "enable_tls": false,
            "external_endpoint_for_oss_cluster_api": false,
            "hashing_policy": [],
            "id": "2416992/12520635",
            "latest_backup_status": [
              {
                "error": [
                  {
                    "description": "Database backup is disabled",
                    "status": "400 BAD_REQUEST",
                    "type": "DATABASE_BACKUP_DISABLED"
                  }
                ],
                "response": []
              }
            ],
            "latest_import_status": [
              {
                "error": [],
                "response": [
                  {
                    "failure_reason": "",
                    "failure_reason_params": [],
                    "last_import_time": "",
                    "status": ""
                  }
                ]
              }
            ],
            "memory_limit_in_gb": 10,
            "modules": [
              {
                "name": "RediSearch"
              },
              {
                "name": "RedisBloom"
              },
              {
                "name": "RedisJSON"
              },
              {
                "name": "RedisTimeSeries"
              }
            ],
            "name": "stg-cnbctv18-api",
            "password": "8ZBJ6zWQiXh5uGDxBmmQCJRR4becWkmk",
            "periodic_backup_path": null,
            "port": null,
            "private_endpoint": "redis-10417.internal.c33438.asia-south1-1.gcp.cloud.rlrcp.com:10417",
            "protocol": "redis",
            "public_endpoint": "redis-10417.c33438.asia-south1-1.gcp.cloud.rlrcp.com:10417",
            "remote_backup": [],
            "replica_of": null,
            "replication": false,
            "resp_version": "resp3",
            "source_ips": [],
            "subscription_id": 2416992,
            "support_oss_cluster_api": false,
            "throughput_measurement_by": "operations-per-second",
            "throughput_measurement_value": 1000,
            "timeouts": null
          },
          "sensitive_attributes": [
            [
              {
                "type": "get_attr",
                "value": "password"
              }
            ]
          ],
          "private": "eyJlMmJmYjczMC1lY2FhLTExZTYtOGY4OC0zNDM2M2JjN2M0YzAiOnsiY3JlYXRlIjoxODAwMDAwMDAwMDAwLCJkZWxldGUiOjYwMDAwMDAwMDAwMCwicmVhZCI6NjAwMDAwMDAwMDAwLCJ1cGRhdGUiOjE4MDAwMDAwMDAwMDB9LCJzY2hlbWFfdmVyc2lvbiI6IjAifQ=="
        }
      ]
    },
    {
      "mode": "managed",
      "type": "rediscloud_subscription_database",
      "name": "stg-election-v3",
      "provider": "provider[\"registry.terraform.io/redislabs/rediscloud\"]",
      "instances": [
        {
          "schema_version": 0,
          "attributes": {
            "alert": [
              {
                "name": "dataset-size",
                "value": 80
              }
            ],
            "average_item_size_in_bytes": 0,
            "client_ssl_certificate": null,
            "client_tls_certificates": [],
            "data_eviction": "noeviction",
            "data_persistence": "none",
            "db_id": 12529856,
            "enable_default_user": true,
            "enable_tls": false,
            "external_endpoint_for_oss_cluster_api": false,
            "hashing_policy": [],
            "id": "2416992/12529856",
            "latest_backup_status": [
              {
                "error": [
                  {
                    "description": "Database backup is disabled",
                    "status": "400 BAD_REQUEST",
                    "type": "DATABASE_BACKUP_DISABLED"
                  }
                ],
                "response": []
              }
            ],
            "latest_import_status": [
              {
                "error": [],
                "response": [
                  {
                    "failure_reason": "",
                    "failure_reason_params": [],
                    "last_import_time": "",
                    "status": ""
                  }
                ]
              }
            ],
            "memory_limit_in_gb": 0.5,
            "modules": [],
            "name": "stg-election-v3",
            "password": "pvPi7mNAuBnOZceLmNOyBSgGnyyVXp9Q",
            "periodic_backup_path": null,
            "port": null,
            "private_endpoint": "redis-16207.internal.c33438.asia-south1-1.gcp.cloud.rlrcp.com:16207",
            "protocol": "redis",
            "public_endpoint": "redis-16207.c33438.asia-south1-1.gcp.cloud.rlrcp.com:16207",
            "remote_backup": [],
            "replica_of": null,
            "replication": false,
            "resp_version": "resp3",
            "source_ips": [],
            "subscription_id": 2416992,
            "support_oss_cluster_api": false,
            "throughput_measurement_by": "operations-per-second",
            "throughput_measurement_value": 500,
            "timeouts": null
          },
          "sensitive_attributes": [
            [
              {
                "type": "get_attr",
                "value": "password"
              }
            ]
          ],
          "private": "eyJlMmJmYjczMC1lY2FhLTExZTYtOGY4OC0zNDM2M2JjN2M0YzAiOnsiY3JlYXRlIjoxODAwMDAwMDAwMDAwLCJkZWxldGUiOjYwMDAwMDAwMDAwMCwicmVhZCI6NjAwMDAwMDAwMDAwLCJ1cGRhdGUiOjE4MDAwMDAwMDAwMDB9LCJzY2hlbWFfdmVyc2lvbiI6IjAifQ=="
        }
      ]
    },
    {
      "mode": "managed",
      "type": "rediscloud_subscription_database",
      "name": "stg-file18",
      "provider": "provider[\"registry.terraform.io/redislabs/rediscloud\"]",
      "instances": [
        {
          "schema_version": 0,
          "attributes": {
            "alert": [
              {
                "name": "dataset-size",
                "value": 80
              }
            ],
            "average_item_size_in_bytes": 0,
            "client_ssl_certificate": null,
            "client_tls_certificates": [],
            "data_eviction": "noeviction",
            "data_persistence": "none",
            "db_id": 12541593,
            "enable_default_user": true,
            "enable_tls": false,
            "external_endpoint_for_oss_cluster_api": false,
            "hashing_policy": [],
            "id": "2416992/12541593",
            "latest_backup_status": [
              {
                "error": [
                  {
                    "description": "Database backup is disabled",
                    "status": "400 BAD_REQUEST",
                    "type": "DATABASE_BACKUP_DISABLED"
                  }
                ],
                "response": []
              }
            ],
            "latest_import_status": [
              {
                "error": [],
                "response": [
                  {
                    "failure_reason": "",
                    "failure_reason_params": [],
                    "last_import_time": "",
                    "status": ""
                  }
                ]
              }
            ],
            "memory_limit_in_gb": 0.5,
            "modules": [],
            "name": "stg-file18",
            "password": "lsXv4hOr1G0JBYUq2mPU61jv5HNxkxOe",
            "periodic_backup_path": null,
            "port": null,
            "private_endpoint": "redis-10546.internal.c33438.asia-south1-1.gcp.cloud.rlrcp.com:10546",
            "protocol": "redis",
            "public_endpoint": "redis-10546.c33438.asia-south1-1.gcp.cloud.rlrcp.com:10546",
            "remote_backup": [],
            "replica_of": null,
            "replication": false,
            "resp_version": "resp3",
            "source_ips": [],
            "subscription_id": 2416992,
            "support_oss_cluster_api": false,
            "throughput_measurement_by": "operations-per-second",
            "throughput_measurement_value": 500,
            "timeouts": null
          },
          "sensitive_attributes": [
            [
              {
                "type": "get_attr",
                "value": "password"
              }
            ]
          ],
          "private": "eyJlMmJmYjczMC1lY2FhLTExZTYtOGY4OC0zNDM2M2JjN2M0YzAiOnsiY3JlYXRlIjoxODAwMDAwMDAwMDAwLCJkZWxldGUiOjYwMDAwMDAwMDAwMCwicmVhZCI6NjAwMDAwMDAwMDAwLCJ1cGRhdGUiOjE4MDAwMDAwMDAwMDB9LCJzY2hlbWFfdmVyc2lvbiI6IjAifQ=="
        }
      ]
    },
    {
      "mode": "managed",
      "type": "rediscloud_subscription_database",
      "name": "stg-firstpost",
      "provider": "provider[\"registry.terraform.io/redislabs/rediscloud\"]",
      "instances": [
        {
          "schema_version": 0,
          "attributes": {
            "alert": [
              {
                "name": "dataset-size",
                "value": 80
              }
            ],
            "average_item_size_in_bytes": 0,
            "client_ssl_certificate": null,
            "client_tls_certificates": [],
            "data_eviction": "noeviction",
            "data_persistence": "none",
            "db_id": 12520532,
            "enable_default_user": true,
            "enable_tls": false,
            "external_endpoint_for_oss_cluster_api": false,
            "hashing_policy": [],
            "id": "2416992/12520532",
            "latest_backup_status": [
              {
                "error": [
                  {
                    "description": "Database backup is disabled",
                    "status": "400 BAD_REQUEST",
                    "type": "DATABASE_BACKUP_DISABLED"
                  }
                ],
                "response": []
              }
            ],
            "latest_import_status": [
              {
                "error": [],
                "response": [
                  {
                    "failure_reason": "",
                    "failure_reason_params": [],
                    "last_import_time": "",
                    "status": ""
                  }
                ]
              }
            ],
            "memory_limit_in_gb": 11,
            "modules": [
              {
                "name": "RediSearch"
              },
              {
                "name": "RedisBloom"
              },
              {
                "name": "RedisJSON"
              },
              {
                "name": "RedisTimeSeries"
              }
            ],
            "name": "stg-firstpost",
            "password": "qHXbUAD8dmIr9nhTnmgEKBN94L8zL7J7",
            "periodic_backup_path": null,
            "port": null,
            "private_endpoint": "redis-14018.internal.c33438.asia-south1-1.gcp.cloud.rlrcp.com:14018",
            "protocol": "redis",
            "public_endpoint": "redis-14018.c33438.asia-south1-1.gcp.cloud.rlrcp.com:14018",
            "remote_backup": [],
            "replica_of": null,
            "replication": false,
            "resp_version": "resp3",
            "source_ips": [],
            "subscription_id": 2416992,
            "support_oss_cluster_api": false,
            "throughput_measurement_by": "operations-per-second",
            "throughput_measurement_value": 10000,
            "timeouts": null
          },
          "sensitive_attributes": [
            [
              {
                "type": "get_attr",
                "value": "password"
              }
            ]
          ],
          "private": "eyJlMmJmYjczMC1lY2FhLTExZTYtOGY4OC0zNDM2M2JjN2M0YzAiOnsiY3JlYXRlIjoxODAwMDAwMDAwMDAwLCJkZWxldGUiOjYwMDAwMDAwMDAwMCwicmVhZCI6NjAwMDAwMDAwMDAwLCJ1cGRhdGUiOjE4MDAwMDAwMDAwMDB9LCJzY2hlbWFfdmVyc2lvbiI6IjAifQ=="
        }
      ]
    },
    {
      "mode": "managed",
      "type": "rediscloud_subscription_database",
      "name": "stg-forbes",
      "provider": "provider[\"registry.terraform.io/redislabs/rediscloud\"]",
      "instances": [
        {
          "schema_version": 0,
          "attributes": {
            "alert": [
              {
                "name": "dataset-size",
                "value": 80
              }
            ],
            "average_item_size_in_bytes": 0,
            "client_ssl_certificate": null,
            "client_tls_certificates": [],
            "data_eviction": "volatile-lru",
            "data_persistence": "none",
            "db_id": 12526853,
            "enable_default_user": true,
            "enable_tls": false,
            "external_endpoint_for_oss_cluster_api": false,
            "hashing_policy": [],
            "id": "2416992/12526853",
            "latest_backup_status": [
              {
                "error": [
                  {
                    "description": "Database backup is disabled",
                    "status": "400 BAD_REQUEST",
                    "type": "DATABASE_BACKUP_DISABLED"
                  }
                ],
                "response": []
              }
            ],
            "latest_import_status": [
              {
                "error": [],
                "response": [
                  {
                    "failure_reason": "",
                    "failure_reason_params": [],
                    "last_import_time": "",
                    "status": ""
                  }
                ]
              }
            ],
            "memory_limit_in_gb": 0.5,
            "modules": [],
            "name": "stg-forbes",
            "password": "b0Bqxapww9CYo2gRYSI14qbtQ9KzFSev",
            "periodic_backup_path": null,
            "port": null,
            "private_endpoint": "redis-12965.internal.c33438.asia-south1-1.gcp.cloud.rlrcp.com:12965",
            "protocol": "redis",
            "public_endpoint": "redis-12965.c33438.asia-south1-1.gcp.cloud.rlrcp.com:12965",
            "remote_backup": [],
            "replica_of": null,
            "replication": false,
            "resp_version": "resp3",
            "source_ips": [],
            "subscription_id": 2416992,
            "support_oss_cluster_api": false,
            "throughput_measurement_by": "operations-per-second",
            "throughput_measurement_value": 500,
            "timeouts": null
          },
          "sensitive_attributes": [
            [
              {
                "type": "get_attr",
                "value": "password"
              }
            ]
          ],
          "private": "eyJlMmJmYjczMC1lY2FhLTExZTYtOGY4OC0zNDM2M2JjN2M0YzAiOnsiY3JlYXRlIjoxODAwMDAwMDAwMDAwLCJkZWxldGUiOjYwMDAwMDAwMDAwMCwicmVhZCI6NjAwMDAwMDAwMDAwLCJ1cGRhdGUiOjE4MDAwMDAwMDAwMDB9LCJzY2hlbWFfdmVyc2lvbiI6IjAifQ=="
        }
      ]
    },
    {
      "mode": "managed",
      "type": "rediscloud_subscription_database",
      "name": "stg-microsite-cms",
      "provider": "provider[\"registry.terraform.io/redislabs/rediscloud\"]",
      "instances": [
        {
          "schema_version": 0,
          "attributes": {
            "alert": [
              {
                "name": "dataset-size",
                "value": 80
              }
            ],
            "average_item_size_in_bytes": 0,
            "client_ssl_certificate": null,
            "client_tls_certificates": [],
            "data_eviction": "volatile-lru",
            "data_persistence": "none",
            "db_id": 12526701,
            "enable_default_user": true,
            "enable_tls": false,
            "external_endpoint_for_oss_cluster_api": false,
            "hashing_policy": [],
            "id": "2416992/12526701",
            "latest_backup_status": [
              {
                "error": [
                  {
                    "description": "Database backup is disabled",
                    "status": "400 BAD_REQUEST",
                    "type": "DATABASE_BACKUP_DISABLED"
                  }
                ],
                "response": []
              }
            ],
            "latest_import_status": [
              {
                "error": [],
                "response": [
                  {
                    "failure_reason": "",
                    "failure_reason_params": [],
                    "last_import_time": "",
                    "status": ""
                  }
                ]
              }
            ],
            "memory_limit_in_gb": 0.5,
            "modules": [],
            "name": "stg-microsite-cms",
            "password": "mTzkvjxzBYpNIaBI9HzZocsvc0dujvZA",
            "periodic_backup_path": null,
            "port": null,
            "private_endpoint": "redis-15831.internal.c33438.asia-south1-1.gcp.cloud.rlrcp.com:15831",
            "protocol": "redis",
            "public_endpoint": "redis-15831.c33438.asia-south1-1.gcp.cloud.rlrcp.com:15831",
            "remote_backup": [],
            "replica_of": null,
            "replication": false,
            "resp_version": "resp3",
            "source_ips": [],
            "subscription_id": 2416992,
            "support_oss_cluster_api": false,
            "throughput_measurement_by": "operations-per-second",
            "throughput_measurement_value": 500,
            "timeouts": null
          },
          "sensitive_attributes": [
            [
              {
                "type": "get_attr",
                "value": "password"
              }
            ]
          ],
          "private": "eyJlMmJmYjczMC1lY2FhLTExZTYtOGY4OC0zNDM2M2JjN2M0YzAiOnsiY3JlYXRlIjoxODAwMDAwMDAwMDAwLCJkZWxldGUiOjYwMDAwMDAwMDAwMCwicmVhZCI6NjAwMDAwMDAwMDAwLCJ1cGRhdGUiOjE4MDAwMDAwMDAwMDB9LCJzY2hlbWFfdmVyc2lvbiI6IjAifQ=="
        }
      ]
    },
    {
      "mode": "managed",
      "type": "rediscloud_subscription_database",
      "name": "stg-news18-eng-api",
      "provider": "provider[\"registry.terraform.io/redislabs/rediscloud\"]",
      "instances": [
        {
          "schema_version": 0,
          "attributes": {
            "alert": [
              {
                "name": "dataset-size",
                "value": 80
              }
            ],
            "average_item_size_in_bytes": 0,
            "client_ssl_certificate": null,
            "client_tls_certificates": [],
            "data_eviction": "noeviction",
            "data_persistence": "none",
            "db_id": 12523690,
            "enable_default_user": true,
            "enable_tls": false,
            "external_endpoint_for_oss_cluster_api": false,
            "hashing_policy": [],
            "id": "2416992/12523690",
            "latest_backup_status": [
              {
                "error": [
                  {
                    "description": "Database backup is disabled",
                    "status": "400 BAD_REQUEST",
                    "type": "DATABASE_BACKUP_DISABLED"
                  }
                ],
                "response": []
              }
            ],
            "latest_import_status": [
              {
                "error": [],
                "response": [
                  {
                    "failure_reason": "",
                    "failure_reason_params": [],
                    "last_import_time": "",
                    "status": ""
                  }
                ]
              }
            ],
            "memory_limit_in_gb": 10,
            "modules": [],
            "name": "stg-news18-eng-api",
            "password": "69h7Slzhf9kv8KglHHatxlDVh0FEqeqt",
            "periodic_backup_path": null,
            "port": null,
            "private_endpoint": "redis-18333.internal.c33438.asia-south1-1.gcp.cloud.rlrcp.com:18333",
            "protocol": "redis",
            "public_endpoint": "redis-18333.c33438.asia-south1-1.gcp.cloud.rlrcp.com:18333",
            "remote_backup": [],
            "replica_of": null,
            "replication": false,
            "resp_version": "resp3",
            "source_ips": [],
            "subscription_id": 2416992,
            "support_oss_cluster_api": false,
            "throughput_measurement_by": "operations-per-second",
            "throughput_measurement_value": 10000,
            "timeouts": null
          },
          "sensitive_attributes": [
            [
              {
                "type": "get_attr",
                "value": "password"
              }
            ]
          ],
          "private": "eyJlMmJmYjczMC1lY2FhLTExZTYtOGY4OC0zNDM2M2JjN2M0YzAiOnsiY3JlYXRlIjoxODAwMDAwMDAwMDAwLCJkZWxldGUiOjYwMDAwMDAwMDAwMCwicmVhZCI6NjAwMDAwMDAwMDAwLCJ1cGRhdGUiOjE4MDAwMDAwMDAwMDB9LCJzY2hlbWFfdmVyc2lvbiI6IjAifQ=="
        }
      ]
    },
    {
      "mode": "managed",
      "type": "rediscloud_subscription_database",
      "name": "stg-news18-hin-api",
      "provider": "provider[\"registry.terraform.io/redislabs/rediscloud\"]",
      "instances": [
        {
          "schema_version": 0,
          "attributes": {
            "alert": [
              {
                "name": "dataset-size",
                "value": 80
              }
            ],
            "average_item_size_in_bytes": 0,
            "client_ssl_certificate": null,
            "client_tls_certificates": [],
            "data_eviction": "noeviction",
            "data_persistence": "none",
            "db_id": 12523685,
            "enable_default_user": true,
            "enable_tls": false,
            "external_endpoint_for_oss_cluster_api": false,
            "hashing_policy": [],
            "id": "2416992/12523685",
            "latest_backup_status": [
              {
                "error": [
                  {
                    "description": "Database backup is disabled",
                    "status": "400 BAD_REQUEST",
                    "type": "DATABASE_BACKUP_DISABLED"
                  }
                ],
                "response": []
              }
            ],
            "latest_import_status": [
              {
                "error": [],
                "response": [
                  {
                    "failure_reason": "",
                    "failure_reason_params": [],
                    "last_import_time": "",
                    "status": ""
                  }
                ]
              }
            ],
            "memory_limit_in_gb": 0.5,
            "modules": [],
            "name": "stg-news18-hin-api",
            "password": "UwPFlGu42VRvNYfHtXB4NQIV3K3HrcJs",
            "periodic_backup_path": null,
            "port": null,
            "private_endpoint": "redis-13581.internal.c33438.asia-south1-1.gcp.cloud.rlrcp.com:13581",
            "protocol": "redis",
            "public_endpoint": "redis-13581.c33438.asia-south1-1.gcp.cloud.rlrcp.com:13581",
            "remote_backup": [],
            "replica_of": null,
            "replication": false,
            "resp_version": "resp3",
            "source_ips": [],
            "subscription_id": 2416992,
            "support_oss_cluster_api": false,
            "throughput_measurement_by": "operations-per-second",
            "throughput_measurement_value": 500,
            "timeouts": null
          },
          "sensitive_attributes": [
            [
              {
                "type": "get_attr",
                "value": "password"
              }
            ]
          ],
          "private": "eyJlMmJmYjczMC1lY2FhLTExZTYtOGY4OC0zNDM2M2JjN2M0YzAiOnsiY3JlYXRlIjoxODAwMDAwMDAwMDAwLCJkZWxldGUiOjYwMDAwMDAwMDAwMCwicmVhZCI6NjAwMDAwMDAwMDAwLCJ1cGRhdGUiOjE4MDAwMDAwMDAwMDB9LCJzY2hlbWFfdmVyc2lvbiI6IjAifQ=="
        }
      ]
    },
    {
      "mode": "managed",
      "type": "rediscloud_subscription_database",
      "name": "stg-news18-regional-api",
      "provider": "provider[\"registry.terraform.io/redislabs/rediscloud\"]",
      "instances": [
        {
          "schema_version": 0,
          "attributes": {
            "alert": [
              {
                "name": "dataset-size",
                "value": 80
              }
            ],
            "average_item_size_in_bytes": 0,
            "client_ssl_certificate": null,
            "client_tls_certificates": [],
            "data_eviction": "noeviction",
            "data_persistence": "none",
            "db_id": 12523697,
            "enable_default_user": true,
            "enable_tls": false,
            "external_endpoint_for_oss_cluster_api": false,
            "hashing_policy": [],
            "id": "2416992/12523697",
            "latest_backup_status": [
              {
                "error": [
                  {
                    "description": "Database backup is disabled",
                    "status": "400 BAD_REQUEST",
                    "type": "DATABASE_BACKUP_DISABLED"
                  }
                ],
                "response": []
              }
            ],
            "latest_import_status": [
              {
                "error": [],
                "response": [
                  {
                    "failure_reason": "",
                    "failure_reason_params": [],
                    "last_import_time": "",
                    "status": ""
                  }
                ]
              }
            ],
            "memory_limit_in_gb": 10,
            "modules": [],
            "name": "stg-news18-regional-api",
            "password": "0y0IAgrj3lC5dCvOCGlwdoEG9FlZvJ8g",
            "periodic_backup_path": null,
            "port": null,
            "private_endpoint": "redis-19076.internal.c33438.asia-south1-1.gcp.cloud.rlrcp.com:19076",
            "protocol": "redis",
            "public_endpoint": "redis-19076.c33438.asia-south1-1.gcp.cloud.rlrcp.com:19076",
            "remote_backup": [],
            "replica_of": null,
            "replication": false,
            "resp_version": "resp3",
            "source_ips": [],
            "subscription_id": 2416992,
            "support_oss_cluster_api": false,
            "throughput_measurement_by": "operations-per-second",
            "throughput_measurement_value": 10000,
            "timeouts": null
          },
          "sensitive_attributes": [
            [
              {
                "type": "get_attr",
                "value": "password"
              }
            ]
          ],
          "private": "eyJlMmJmYjczMC1lY2FhLTExZTYtOGY4OC0zNDM2M2JjN2M0YzAiOnsiY3JlYXRlIjoxODAwMDAwMDAwMDAwLCJkZWxldGUiOjYwMDAwMDAwMDAwMCwicmVhZCI6NjAwMDAwMDAwMDAwLCJ1cGRhdGUiOjE4MDAwMDAwMDAwMDB9LCJzY2hlbWFfdmVyc2lvbiI6IjAifQ=="
        }
      ]
    },
    {
      "mode": "managed",
      "type": "rediscloud_subscription_database",
      "name": "stg-ops18",
      "provider": "provider[\"registry.terraform.io/redislabs/rediscloud\"]",
      "instances": [
        {
          "schema_version": 0,
          "attributes": {
            "alert": [
              {
                "name": "dataset-size",
                "value": 80
              }
            ],
            "average_item_size_in_bytes": 0,
            "client_ssl_certificate": null,
            "client_tls_certificates": [],
            "data_eviction": "noeviction",
            "data_persistence": "none",
            "db_id": 12541595,
            "enable_default_user": true,
            "enable_tls": false,
            "external_endpoint_for_oss_cluster_api": false,
            "hashing_policy": [],
            "id": "2416992/12541595",
            "latest_backup_status": [
              {
                "error": [
                  {
                    "description": "Database backup is disabled",
                    "status": "400 BAD_REQUEST",
                    "type": "DATABASE_BACKUP_DISABLED"
                  }
                ],
                "response": []
              }
            ],
            "latest_import_status": [
              {
                "error": [],
                "response": [
                  {
                    "failure_reason": "",
                    "failure_reason_params": [],
                    "last_import_time": "",
                    "status": ""
                  }
                ]
              }
            ],
            "memory_limit_in_gb": 0.5,
            "modules": [],
            "name": "stg-ops18",
            "password": "6ogcXcm1L3NLE4yHjG9V07bBwEfwbogA",
            "periodic_backup_path": null,
            "port": null,
            "private_endpoint": "redis-12446.internal.c33438.asia-south1-1.gcp.cloud.rlrcp.com:12446",
            "protocol": "redis",
            "public_endpoint": "redis-12446.c33438.asia-south1-1.gcp.cloud.rlrcp.com:12446",
            "remote_backup": [],
            "replica_of": null,
            "replication": false,
            "resp_version": "resp3",
            "source_ips": [],
            "subscription_id": 2416992,
            "support_oss_cluster_api": false,
            "throughput_measurement_by": "operations-per-second",
            "throughput_measurement_value": 500,
            "timeouts": null
          },
          "sensitive_attributes": [
            [
              {
                "type": "get_attr",
                "value": "password"
              }
            ]
          ],
          "private": "eyJlMmJmYjczMC1lY2FhLTExZTYtOGY4OC0zNDM2M2JjN2M0YzAiOnsiY3JlYXRlIjoxODAwMDAwMDAwMDAwLCJkZWxldGUiOjYwMDAwMDAwMDAwMCwicmVhZCI6NjAwMDAwMDAwMDAwLCJ1cGRhdGUiOjE4MDAwMDAwMDAwMDB9LCJzY2hlbWFfdmVyc2lvbiI6IjAifQ=="
        }
      ]
    },
    {
      "mode": "managed",
      "type": "rediscloud_subscription_database",
      "name": "stg-overdrive",
      "provider": "provider[\"registry.terraform.io/redislabs/rediscloud\"]",
      "instances": [
        {
          "schema_version": 0,
          "attributes": {
            "alert": [
              {
                "name": "dataset-size",
                "value": 80
              }
            ],
            "average_item_size_in_bytes": 0,
            "client_ssl_certificate": null,
            "client_tls_certificates": [],
            "data_eviction": "volatile-lru",
            "data_persistence": "none",
            "db_id": 12526939,
            "enable_default_user": true,
            "enable_tls": false,
            "external_endpoint_for_oss_cluster_api": false,
            "hashing_policy": [],
            "id": "2416992/12526939",
            "latest_backup_status": [
              {
                "error": [
                  {
                    "description": "Database backup is disabled",
                    "status": "400 BAD_REQUEST",
                    "type": "DATABASE_BACKUP_DISABLED"
                  }
                ],
                "response": []
              }
            ],
            "latest_import_status": [
              {
                "error": [],
                "response": [
                  {
                    "failure_reason": "",
                    "failure_reason_params": [],
                    "last_import_time": "",
                    "status": ""
                  }
                ]
              }
            ],
            "memory_limit_in_gb": 0.5,
            "modules": [],
            "name": "stg-overdrive",
            "password": "j9onrimG4fSldmKpcp4rDHF8paCb2uYW",
            "periodic_backup_path": null,
            "port": null,
            "private_endpoint": "redis-18618.internal.c33438.asia-south1-1.gcp.cloud.rlrcp.com:18618",
            "protocol": "redis",
            "public_endpoint": "redis-18618.c33438.asia-south1-1.gcp.cloud.rlrcp.com:18618",
            "remote_backup": [],
            "replica_of": null,
            "replication": false,
            "resp_version": "resp3",
            "source_ips": [],
            "subscription_id": 2416992,
            "support_oss_cluster_api": false,
            "throughput_measurement_by": "operations-per-second",
            "throughput_measurement_value": 500,
            "timeouts": null
          },
          "sensitive_attributes": [
            [
              {
                "type": "get_attr",
                "value": "password"
              }
            ]
          ],
          "private": "eyJlMmJmYjczMC1lY2FhLTExZTYtOGY4OC0zNDM2M2JjN2M0YzAiOnsiY3JlYXRlIjoxODAwMDAwMDAwMDAwLCJkZWxldGUiOjYwMDAwMDAwMDAwMCwicmVhZCI6NjAwMDAwMDAwMDAwLCJ1cGRhdGUiOjE4MDAwMDAwMDAwMDB9LCJzY2hlbWFfdmVyc2lvbiI6IjAifQ=="
        }
      ]
    },
    {
      "mode": "managed",
      "type": "rediscloud_subscription_database",
      "name": "stg-pubsync",
      "provider": "provider[\"registry.terraform.io/redislabs/rediscloud\"]",
      "instances": [
        {
          "schema_version": 0,
          "attributes": {
            "alert": [
              {
                "name": "dataset-size",
                "value": 80
              }
            ],
            "average_item_size_in_bytes": 0,
            "client_ssl_certificate": null,
            "client_tls_certificates": [],
            "data_eviction": "noeviction",
            "data_persistence": "none",
            "db_id": 12529818,
            "enable_default_user": true,
            "enable_tls": false,
            "external_endpoint_for_oss_cluster_api": false,
            "hashing_policy": [],
            "id": "2416992/12529818",
            "latest_backup_status": [
              {
                "error": [
                  {
                    "description": "Database backup is disabled",
                    "status": "400 BAD_REQUEST",
                    "type": "DATABASE_BACKUP_DISABLED"
                  }
                ],
                "response": []
              }
            ],
            "latest_import_status": [
              {
                "error": [],
                "response": [
                  {
                    "failure_reason": "",
                    "failure_reason_params": [],
                    "last_import_time": "",
                    "status": ""
                  }
                ]
              }
            ],
            "memory_limit_in_gb": 12.5,
            "modules": [],
            "name": "stg-pubsync",
            "password": "pqiBbhXdf0986cUbpm8SMhqx8YPLdr8L",
            "periodic_backup_path": null,
            "port": null,
            "private_endpoint": "redis-17218.internal.c33438.asia-south1-1.gcp.cloud.rlrcp.com:17218",
            "protocol": "redis",
            "public_endpoint": "redis-17218.c33438.asia-south1-1.gcp.cloud.rlrcp.com:17218",
            "remote_backup": [],
            "replica_of": null,
            "replication": false,
            "resp_version": "resp3",
            "source_ips": [],
            "subscription_id": 2416992,
            "support_oss_cluster_api": false,
            "throughput_measurement_by": "operations-per-second",
            "throughput_measurement_value": 12500,
            "timeouts": null
          },
          "sensitive_attributes": [
            [
              {
                "type": "get_attr",
                "value": "password"
              }
            ]
          ],
          "private": "eyJlMmJmYjczMC1lY2FhLTExZTYtOGY4OC0zNDM2M2JjN2M0YzAiOnsiY3JlYXRlIjoxODAwMDAwMDAwMDAwLCJkZWxldGUiOjYwMDAwMDAwMDAwMCwicmVhZCI6NjAwMDAwMDAwMDAwLCJ1cGRhdGUiOjE4MDAwMDAwMDAwMDB9LCJzY2hlbWFfdmVyc2lvbiI6IjAifQ=="
        }
      ]
    },
    {
      "mode": "managed",
      "type": "rediscloud_subscription_database",
      "name": "stg-storyboard18",
      "provider": "provider[\"registry.terraform.io/redislabs/rediscloud\"]",
      "instances": [
        {
          "schema_version": 0,
          "attributes": {
            "alert": [
              {
                "name": "dataset-size",
                "value": 80
              }
            ],
            "average_item_size_in_bytes": 0,
            "client_ssl_certificate": null,
            "client_tls_certificates": [],
            "data_eviction": "volatile-lru",
            "data_persistence": "none",
            "db_id": 12526704,
            "enable_default_user": true,
            "enable_tls": false,
            "external_endpoint_for_oss_cluster_api": false,
            "hashing_policy": [],
            "id": "2416992/12526704",
            "latest_backup_status": [
              {
                "error": [
                  {
                    "description": "Database backup is disabled",
                    "status": "400 BAD_REQUEST",
                    "type": "DATABASE_BACKUP_DISABLED"
                  }
                ],
                "response": []
              }
            ],
            "latest_import_status": [
              {
                "error": [],
                "response": [
                  {
                    "failure_reason": "",
                    "failure_reason_params": [],
                    "last_import_time": "",
                    "status": ""
                  }
                ]
              }
            ],
            "memory_limit_in_gb": 0.5,
            "modules": [],
            "name": "stg-storyboard18",
            "password": "65w6NEHcIsHK9SMbZSiPQUMaM6J9Fwy8",
            "periodic_backup_path": null,
            "port": null,
            "private_endpoint": "redis-15561.internal.c33438.asia-south1-1.gcp.cloud.rlrcp.com:15561",
            "protocol": "redis",
            "public_endpoint": "redis-15561.c33438.asia-south1-1.gcp.cloud.rlrcp.com:15561",
            "remote_backup": [],
            "replica_of": null,
            "replication": false,
            "resp_version": "resp3",
            "source_ips": [],
            "subscription_id": 2416992,
            "support_oss_cluster_api": false,
            "throughput_measurement_by": "operations-per-second",
            "throughput_measurement_value": 500,
            "timeouts": null
          },
          "sensitive_attributes": [
            [
              {
                "type": "get_attr",
                "value": "password"
              }
            ]
          ],
          "private": "eyJlMmJmYjczMC1lY2FhLTExZTYtOGY4OC0zNDM2M2JjN2M0YzAiOnsiY3JlYXRlIjoxODAwMDAwMDAwMDAwLCJkZWxldGUiOjYwMDAwMDAwMDAwMCwicmVhZCI6NjAwMDAwMDAwMDAwLCJ1cGRhdGUiOjE4MDAwMDAwMDAwMDB9LCJzY2hlbWFfdmVyc2lvbiI6IjAifQ=="
        }
      ]
    },
    {
      "mode": "managed",
      "type": "rediscloud_subscription_database",
      "name": "stg-topper",
      "provider": "provider[\"registry.terraform.io/redislabs/rediscloud\"]",
      "instances": [
        {
          "schema_version": 0,
          "attributes": {
            "alert": [
              {
                "name": "dataset-size",
                "value": 80
              }
            ],
            "average_item_size_in_bytes": 0,
            "client_ssl_certificate": null,
            "client_tls_certificates": [],
            "data_eviction": "noeviction",
            "data_persistence": "none",
            "db_id": 12529892,
            "enable_default_user": true,
            "enable_tls": false,
            "external_endpoint_for_oss_cluster_api": false,
            "hashing_policy": [],
            "id": "2416992/12529892",
            "latest_backup_status": [
              {
                "error": [
                  {
                    "description": "Database backup is disabled",
                    "status": "400 BAD_REQUEST",
                    "type": "DATABASE_BACKUP_DISABLED"
                  }
                ],
                "response": []
              }
            ],
            "latest_import_status": [
              {
                "error": [],
                "response": [
                  {
                    "failure_reason": "",
                    "failure_reason_params": [],
                    "last_import_time": "",
                    "status": ""
                  }
                ]
              }
            ],
            "memory_limit_in_gb": 1,
            "modules": [],
            "name": "stg-topper",
            "password": "hjIOM8oP0racTg2XQJekRWXhHcr1QCj9",
            "periodic_backup_path": null,
            "port": null,
            "private_endpoint": "redis-13402.internal.c33438.asia-south1-1.gcp.cloud.rlrcp.com:13402",
            "protocol": "redis",
            "public_endpoint": "redis-13402.c33438.asia-south1-1.gcp.cloud.rlrcp.com:13402",
            "remote_backup": [],
            "replica_of": null,
            "replication": false,
            "resp_version": "resp3",
            "source_ips": [],
            "subscription_id": 2416992,
            "support_oss_cluster_api": false,
            "throughput_measurement_by": "operations-per-second",
            "throughput_measurement_value": 1000,
            "timeouts": null
          },
          "sensitive_attributes": [
            [
              {
                "type": "get_attr",
                "value": "password"
              }
            ]
          ],
          "private": "eyJlMmJmYjczMC1lY2FhLTExZTYtOGY4OC0zNDM2M2JjN2M0YzAiOnsiY3JlYXRlIjoxODAwMDAwMDAwMDAwLCJkZWxldGUiOjYwMDAwMDAwMDAwMCwicmVhZCI6NjAwMDAwMDAwMDAwLCJ1cGRhdGUiOjE4MDAwMDAwMDAwMDB9LCJzY2hlbWFfdmVyc2lvbiI6IjAifQ=="
        }
      ]
    }
  ],
  "check_results": null
}
